
Microsoft Visual Studio Solution File, Format Version 12.00
# Visual Studio Version 17
VisualStudioVersion = 17.9.34714.143
MinimumVisualStudioVersion = 10.0.40219.1
Project("{9A19103F-16F7-4668-BE54-9A1E7A4F7556}") = "Schedule", "Schedule\Schedule.csproj", "{4A80594B-729D-48A8-A9E2-E7AF740A7823}"
EndProject
Global
	GlobalSection(SolutionConfigurationPlatforms) = preSolution
		Debug|Any CPU = Debug|Any CPU
		Release|Any CPU = Release|Any CPU
	EndGlobalSection
	GlobalSection(ProjectConfigurationPlatforms) = postSolution
		{4A80594B-729D-48A8-A9E2-E7AF740A7823}.Debug|Any CPU.ActiveCfg = Debug|Any CPU
		{4A80594B-729D-48A8-A9E2-E7AF740A7823}.Debug|Any CPU.Build.0 = Debug|Any CPU
		{4A80594B-729D-48A8-A9E2-E7AF740A7823}.Release|Any CPU.ActiveCfg = Release|Any CPU
		{4A80594B-729D-48A8-A9E2-E7AF740A7823}.Release|Any CPU.Build.0 = Release|Any CPU
	EndGlobalSection
	GlobalSection(SolutionProperties) = preSolution
		HideSolutionNode = FALSE
	EndGlobalSection
	GlobalSection(ExtensibilityGlobals) = postSolution
		SolutionGuid = {19EC4A95-F636-46E7-BB52-E5ED98233D8F}
	EndGlobalSection
EndGlobal
